
Microsoft Visual Studio Solution File, Format Version 12.00
# Visual Studio 14
VisualStudioVersion = 14.0.25420.1
MinimumVisualStudioVersion = 10.0.40219.1
Project("{FAE04EC0-301F-11D3-BF4B-00C04F79EFBC}") = "ZhaoDongDong", "ZhaoDongDong\ZhaoDongDong.csproj", "{C6644C5D-492D-425D-8CF0-70C9DA27950F}"
EndProject
Global
	GlobalSection(SolutionConfigurationPlatforms) = preSolution
		Debug|Any CPU = Debug|Any CPU
		Release|Any CPU = Release|Any CPU
	EndGlobalSection
	GlobalSection(ProjectConfigurationPlatforms) = postSolution
		{C6644C5D-492D-425D-8CF0-70C9DA27950F}.Debug|Any CPU.ActiveCfg = Debug|Any CPU
		{C6644C5D-492D-425D-8CF0-70C9DA27950F}.Debug|Any CPU.Build.0 = Debug|Any CPU
		{C6644C5D-492D-425D-8CF0-70C9DA27950F}.Release|Any CPU.ActiveCfg = Release|Any CPU
		{C6644C5D-492D-425D-8CF0-70C9DA27950F}.Release|Any CPU.Build.0 = Release|Any CPU
	EndGlobalSection
	GlobalSection(SolutionProperties) = preSolution
		HideSolutionNode = FALSE
	EndGlobalSection
EndGlobal
